// !$*UTF8*$!
{
	archiveVersion = 1;
	classes = {
	};
	objectVersion = 56;
	objects = {

/* Begin PBXBuildFile section */
		96B991C92997490900F6FB25 /* FoYouApp.swift in Sources */ = {isa = PBXBuildFile; fileRef = 96B991C82997490900F6FB25 /* FoYouApp.swift */; };
		96B991CB2997490900F6FB25 /* ContentView.swift in Sources */ = {isa = PBXBuildFile; fileRef = 96B991CA2997490900F6FB25 /* ContentView.swift */; };
		96B991CD2997490900F6FB25 /* Assets.xcassets in Resources */ = {isa = PBXBuildFile; fileRef = 96B991CC2997490900F6FB25 /* Assets.xcassets */; };
		96B991D02997490900F6FB25 /* Preview Assets.xcassets in Resources */ = {isa = PBXBuildFile; fileRef = 96B991CF2997490900F6FB25 /* Preview Assets.xcassets */; };
		96B991D22997490900F6FB25 /* Persistence.swift in Sources */ = {isa = PBXBuildFile; fileRef = 96B991D12997490900F6FB25 /* Persistence.swift */; };
		96B991D52997490900F6FB25 /* FoYou.xcdatamodeld in Sources */ = {isa = PBXBuildFile; fileRef = 96B991D32997490900F6FB25 /* FoYou.xcdatamodeld */; };
		96B991DD299754F600F6FB25 /* MainView.swift in Sources */ = {isa = PBXBuildFile; fileRef = 96B991DC299754F600F6FB25 /* MainView.swift */; };
		96B991DF299755A700F6FB25 /* SavedView.swift in Sources */ = {isa = PBXBuildFile; fileRef = 96B991DE299755A700F6FB25 /* SavedView.swift */; };
		96B991E629975D7100F6FB25 /* JosefinSans-SemiBold.ttf in Resources */ = {isa = PBXBuildFile; fileRef = 96B991E129975D7100F6FB25 /* JosefinSans-SemiBold.ttf */; };
		96B991E729975D7100F6FB25 /* JosefinSans-Bold.ttf in Resources */ = {isa = PBXBuildFile; fileRef = 96B991E229975D7100F6FB25 /* JosefinSans-Bold.ttf */; };
		96B991E829975D7100F6FB25 /* JosefinSans-Regular.ttf in Resources */ = {isa = PBXBuildFile; fileRef = 96B991E329975D7100F6FB25 /* JosefinSans-Regular.ttf */; };
		96B991E929975D7100F6FB25 /* JosefinSans-Light.ttf in Resources */ = {isa = PBXBuildFile; fileRef = 96B991E429975D7100F6FB25 /* JosefinSans-Light.ttf */; };
		96B991EA29975D7100F6FB25 /* JosefinSans-Medium.ttf in Resources */ = {isa = PBXBuildFile; fileRef = 96B991E529975D7100F6FB25 /* JosefinSans-Medium.ttf */; };
/* End PBXBuildFile section */

/* Begin PBXFileReference section */
		96B991C52997490900F6FB25 /* FoYou.app */ = {isa = PBXFileReference; explicitFileType = wrapper.application; includeInIndex = 0; path = FoYou.app; sourceTree = BUILT_PRODUCTS_DIR; };
		96B991C82997490900F6FB25 /* FoYouApp.swift */ = {isa = PBXFileReference; lastKnownFileType = sourcecode.swift; path = FoYouApp.swift; sourceTree = "<group>"; };
		96B991CA2997490900F6FB25 /* ContentView.swift */ = {isa = PBXFileReference; lastKnownFileType = sourcecode.swift; path = ContentView.swift; sourceTree = "<group>"; };
		96B991CC2997490900F6FB25 /* Assets.xcassets */ = {isa = PBXFileReference; lastKnownFileType = folder.assetcatalog; path = Assets.xcassets; sourceTree = "<group>"; };
		96B991CF2997490900F6FB25 /* Preview Assets.xcassets */ = {isa = PBXFileReference; lastKnownFileType = folder.assetcatalog; path = "Preview Assets.xcassets"; sourceTree = "<group>"; };
		96B991D12997490900F6FB25 /* Persistence.swift */ = {isa = PBXFileReference; lastKnownFileType = sourcecode.swift; path = Persistence.swift; sourceTree = "<group>"; };
		96B991D42997490900F6FB25 /* FoYou.xcdatamodel */ = {isa = PBXFileReference; lastKnownFileType = wrapper.xcdatamodel; path = FoYou.xcdatamodel; sourceTree = "<group>"; };
		96B991DC299754F600F6FB25 /* MainView.swift */ = {isa = PBXFileReference; lastKnownFileType = sourcecode.swift; path = MainView.swift; sourceTree = "<group>"; };
		96B991DE299755A700F6FB25 /* SavedView.swift */ = {isa = PBXFileReference; lastKnownFileType = sourcecode.swift; path = SavedView.swift; sourceTree = "<group>"; };
		96B991E129975D7100F6FB25 /* JosefinSans-SemiBold.ttf */ = {isa = PBXFileReference; lastKnownFileType = file; path = "JosefinSans-SemiBold.ttf"; sourceTree = "<group>"; };
		96B991E229975D7100F6FB25 /* JosefinSans-Bold.ttf */ = {isa = PBXFileReference; lastKnownFileType = file; path = "JosefinSans-Bold.ttf"; sourceTree = "<group>"; };
		96B991E329975D7100F6FB25 /* JosefinSans-Regular.ttf */ = {isa = PBXFileReference; lastKnownFileType = file; path = "JosefinSans-Regular.ttf"; sourceTree = "<group>"; };
		96B991E429975D7100F6FB25 /* JosefinSans-Light.ttf */ = {isa = PBXFileReference; lastKnownFileType = file; path = "JosefinSans-Light.ttf"; sourceTree = "<group>"; };
		96B991E529975D7100F6FB25 /* JosefinSans-Medium.ttf */ = {isa = PBXFileReference; lastKnownFileType = file; path = "JosefinSans-Medium.ttf"; sourceTree = "<group>"; };
		96B991EB29975DDB00F6FB25 /* Info.plist */ = {isa = PBXFileReference; lastKnownFileType = text.plist; path = Info.plist; sourceTree = "<group>"; };
/* End PBXFileReference section */

/* Begin PBXFrameworksBuildPhase section */
		96B991C22997490900F6FB25 /* Frameworks */ = {
			isa = PBXFrameworksBuildPhase;
			buildActionMask = 2147483647;
			files = (
			);
			runOnlyForDeploymentPostprocessing = 0;
		};
/* End PBXFrameworksBuildPhase section */

/* Begin PBXGroup section */
		96B991BC2997490900F6FB25 = {
			isa = PBXGroup;
			children = (
				96B991C72997490900F6FB25 /* FoYou */,
				96B991C62997490900F6FB25 /* Products */,
			);
			sourceTree = "<group>";
		};
		96B991C62997490900F6FB25 /* Products */ = {
			isa = PBXGroup;
			children = (
				96B991C52997490900F6FB25 /* FoYou.app */,
			);
			name = Products;
			sourceTree = "<group>";
		};
		96B991C72997490900F6FB25 /* FoYou */ = {
			isa = PBXGroup;
			children = (
				96B991EB29975DDB00F6FB25 /* Info.plist */,
				96B991C82997490900F6FB25 /* FoYouApp.swift */,
				96B991DC299754F600F6FB25 /* MainView.swift */,
				96B991CA2997490900F6FB25 /* ContentView.swift */,
				96B991DE299755A700F6FB25 /* SavedView.swift */,
				96B991DB2997493700F6FB25 /* Model */,
				96B991CE2997490900F6FB25 /* Preview Content */,
				96B991CC2997490900F6FB25 /* Assets.xcassets */,
				96B991E029975CE400F6FB25 /* Custom Fonts */,
			);
			path = FoYou;
			sourceTree = "<group>";
		};
		96B991CE2997490900F6FB25 /* Preview Content */ = {
			isa = PBXGroup;
			children = (
				96B991CF2997490900F6FB25 /* Preview Assets.xcassets */,
			);
			path = "Preview Content";
			sourceTree = "<group>";
		};
		96B991DB2997493700F6FB25 /* Model */ = {
			isa = PBXGroup;
			children = (
				96B991D12997490900F6FB25 /* Persistence.swift */,
				96B991D32997490900F6FB25 /* FoYou.xcdatamodeld */,
			);
			path = Model;
			sourceTree = "<group>";
		};
		96B991E029975CE400F6FB25 /* Custom Fonts */ = {
			isa = PBXGroup;
			children = (
				96B991E229975D7100F6FB25 /* JosefinSans-Bold.ttf */,
				96B991E429975D7100F6FB25 /* JosefinSans-Light.ttf */,
				96B991E529975D7100F6FB25 /* JosefinSans-Medium.ttf */,
				96B991E329975D7100F6FB25 /* JosefinSans-Regular.ttf */,
				96B991E129975D7100F6FB25 /* JosefinSans-SemiBold.ttf */,
			);
			path = "Custom Fonts";
			sourceTree = "<group>";
		};
/* End PBXGroup section */

/* Begin PBXNativeTarget section */
		96B991C42997490900F6FB25 /* FoYou */ = {
			isa = PBXNativeTarget;
			buildConfigurationList = 96B991D82997490900F6FB25 /* Build configuration list for PBXNativeTarget "FoYou" */;
			buildPhases = (
				96B991C12997490900F6FB25 /* Sources */,
				96B991C22997490900F6FB25 /* Frameworks */,
				96B991C32997490900F6FB25 /* Resources */,
			);
			buildRules = (
			);
			dependencies = (
			);
			name = FoYou;
			productName = FoYou;
			productReference = 96B991C52997490900F6FB25 /* FoYou.app */;
			productType = "com.apple.product-type.application";
		};
/* End PBXNativeTarget section */

/* Begin PBXProject section */
		96B991BD2997490900F6FB25 /* Project object */ = {
			isa = PBXProject;
			attributes = {
				BuildIndependentTargetsInParallel = 1;
				LastSwiftUpdateCheck = 1420;
				LastUpgradeCheck = 1420;
				TargetAttributes = {
					96B991C42997490900F6FB25 = {
						CreatedOnToolsVersion = 14.2;
					};
				};
			};
			buildConfigurationList = 96B991C02997490900F6FB25 /* Build configuration list for PBXProject "FoYou" */;
			compatibilityVersion = "Xcode 14.0";
			developmentRegion = en;
			hasScannedForEncodings = 0;
			knownRegions = (
				en,
				Base,
			);
			mainGroup = 96B991BC2997490900F6FB25;
			productRefGroup = 96B991C62997490900F6FB25 /* Products */;
			projectDirPath = "";
			projectRoot = "";
			targets = (
				96B991C42997490900F6FB25 /* FoYou */,
			);
		};
/* End PBXProject section */

/* Begin PBXResourcesBuildPhase section */
		96B991C32997490900F6FB25 /* Resources */ = {
			isa = PBXResourcesBuildPhase;
			buildActionMask = 2147483647;
			files = (
				96B991D02997490900F6FB25 /* Preview Assets.xcassets in Resources */,
				96B991E729975D7100F6FB25 /* JosefinSans-Bold.ttf in Resources */,
				96B991E629975D7100F6FB25 /* JosefinSans-SemiBold.ttf in Resources */,
				96B991E929975D7100F6FB25 /* JosefinSans-Light.ttf in Resources */,
				96B991EA29975D7100F6FB25 /* JosefinSans-Medium.ttf in Resources */,
				96B991E829975D7100F6FB25 /* JosefinSans-Regular.ttf in Resources */,
				96B991CD2997490900F6FB25 /* Assets.xcassets in Resources */,
			);
			runOnlyForDeploymentPostprocessing = 0;
		};
/* End PBXResourcesBuildPhase section */

/* Begin PBXSourcesBuildPhase section */
		96B991C12997490900F6FB25 /* Sources */ = {
			isa = PBXSourcesBuildPhase;
			buildActionMask = 2147483647;
			files = (
				96B991D52997490900F6FB25 /* FoYou.xcdatamodeld in Sources */,
				96B991D22997490900F6FB25 /* Persistence.swift in Sources */,
				96B991DF299755A700F6FB25 /* SavedView.swift in Sources */,
				96B991CB2997490900F6FB25 /* ContentView.swift in Sources */,
				96B991DD299754F600F6FB25 /* MainView.swift in Sources */,
				96B991C92997490900F6FB25 /* FoYouApp.swift in Sources */,
			);
			runOnlyForDeploymentPostprocessing = 0;
		};
/* End PBXSourcesBuildPhase section */

/* Begin XCBuildConfiguration section */
		96B991D62997490900F6FB25 /* Debug */ = {
			isa = XCBuildConfiguration;
			buildSettings = {
				ALWAYS_SEARCH_USER_PATHS = NO;
				CLANG_ANALYZER_NONNULL = YES;
				CLANG_ANALYZER_NUMBER_OBJECT_CONVERSION = YES_AGGRESSIVE;
				CLANG_CXX_LANGUAGE_STANDARD = "gnu++20";
				CLANG_ENABLE_MODULES = YES;
				CLANG_ENABLE_OBJC_ARC = YES;
				CLANG_ENABLE_OBJC_WEAK = YES;
				CLANG_WARN_BLOCK_CAPTURE_AUTORELEASING = YES;
				CLANG_WARN_BOOL_CONVERSION = YES;
				CLANG_WARN_COMMA = YES;
				CLANG_WARN_CONSTANT_CONVERSION = YES;
				CLANG_WARN_DEPRECATED_OBJC_IMPLEMENTATIONS = YES;
				CLANG_WARN_DIRECT_OBJC_ISA_USAGE = YES_ERROR;
				CLANG_WARN_DOCUMENTATION_COMMENTS = YES;
				CLANG_WARN_EMPTY_BODY = YES;
				CLANG_WARN_ENUM_CONVERSION = YES;
				CLANG_WARN_INFINITE_RECURSION = YES;
				CLANG_WARN_INT_CONVERSION = YES;
				CLANG_WARN_NON_LITERAL_NULL_CONVERSION = YES;
				CLANG_WARN_OBJC_IMPLICIT_RETAIN_SELF = YES;
				CLANG_WARN_OBJC_LITERAL_CONVERSION = YES;
				CLANG_WARN_OBJC_ROOT_CLASS = YES_ERROR;
				CLANG_WARN_QUOTED_INCLUDE_IN_FRAMEWORK_HEADER = YES;
				CLANG_WARN_RANGE_LOOP_ANALYSIS = YES;
				CLANG_WARN_STRICT_PROTOTYPES = YES;
				CLANG_WARN_SUSPICIOUS_MOVE = YES;
				CLANG_WARN_UNGUARDED_AVAILABILITY = YES_AGGRESSIVE;
				CLANG_WARN_UNREACHABLE_CODE = YES;
				CLANG_WARN__DUPLICATE_METHOD_MATCH = YES;
				COPY_PHASE_STRIP = NO;
				DEBUG_INFORMATION_FORMAT = dwarf;
				ENABLE_STRICT_OBJC_MSGSEND = YES;
				ENABLE_TESTABILITY = YES;
				GCC_C_LANGUAGE_STANDARD = gnu11;
				GCC_DYNAMIC_NO_PIC = NO;
				GCC_NO_COMMON_BLOCKS = YES;
				GCC_OPTIMIZATION_LEVEL = 0;
				GCC_PREPROCESSOR_DEFINITIONS = (
					"DEBUG=1",
					"$(inherited)",
				);
				GCC_WARN_64_TO_32_BIT_CONVERSION = YES;
				GCC_WARN_ABOUT_RETURN_TYPE = YES_ERROR;
				GCC_WARN_UNDECLARED_SELECTOR = YES;
				GCC_WARN_UNINITIALIZED_AUTOS = YES_AGGRESSIVE;
				GCC_WARN_UNUSED_FUNCTION = YES;
				GCC_WARN_UNUSED_VARIABLE = YES;
				IPHONEOS_DEPLOYMENT_TARGET = 16.2;
				MTL_ENABLE_DEBUG_INFO = INCLUDE_SOURCE;
				MTL_FAST_MATH = YES;
				ONLY_ACTIVE_ARCH = YES;
				SDKROOT = iphoneos;
				SWIFT_ACTIVE_COMPILATION_CONDITIONS = DEBUG;
				SWIFT_OPTIMIZATION_LEVEL = "-Onone";
			};
			name = Debug;
		};
		96B991D72997490900F6FB25 /* Release */ = {
			isa = XCBuildConfiguration;
			buildSettings = {
				ALWAYS_SEARCH_USER_PATHS = NO;
				CLANG_ANALYZER_NONNULL = YES;
				CLANG_ANALYZER_NUMBER_OBJECT_CONVERSION = YES_AGGRESSIVE;
				CLANG_CXX_LANGUAGE_STANDARD = "gnu++20";
				CLANG_ENABLE_MODULES = YES;
				CLANG_ENABLE_OBJC_ARC = YES;
				CLANG_ENABLE_OBJC_WEAK = YES;
				CLANG_WARN_BLOCK_CAPTURE_AUTORELEASING = YES;
				CLANG_WARN_BOOL_CONVERSION = YES;
				CLANG_WARN_COMMA = YES;
				CLANG_WARN_CONSTANT_CONVERSION = YES;
				CLANG_WARN_DEPRECATED_OBJC_IMPLEMENTATIONS = YES;
				CLANG_WARN_DIRECT_OBJC_ISA_USAGE = YES_ERROR;
				CLANG_WARN_DOCUMENTATION_COMMENTS = YES;
				CLANG_WARN_EMPTY_BODY = YES;
				CLANG_WARN_ENUM_CONVERSION = YES;
				CLANG_WARN_INFINITE_RECURSION = YES;
				CLANG_WARN_INT_CONVERSION = YES;
				CLANG_WARN_NON_LITERAL_NULL_CONVERSION = YES;
				CLANG_WARN_OBJC_IMPLICIT_RETAIN_SELF = YES;
				CLANG_WARN_OBJC_LITERAL_CONVERSION = YES;
				CLANG_WARN_OBJC_ROOT_CLASS = YES_ERROR;
				CLANG_WARN_QUOTED_INCLUDE_IN_FRAMEWORK_HEADER = YES;
				CLANG_WARN_RANGE_LOOP_ANALYSIS = YES;
				CLANG_WARN_STRICT_PROTOTYPES = YES;
				CLANG_WARN_SUSPICIOUS_MOVE = YES;
				CLANG_WARN_UNGUARDED_AVAILABILITY = YES_AGGRESSIVE;
				CLANG_WARN_UNREACHABLE_CODE = YES;
				CLANG_WARN__DUPLICATE_METHOD_MATCH = YES;
				COPY_PHASE_STRIP = NO;
				DEBUG_INFORMATION_FORMAT = "dwarf-with-dsym";
				ENABLE_NS_ASSERTIONS = NO;
				ENABLE_STRICT_OBJC_MSGSEND = YES;
				GCC_C_LANGUAGE_STANDARD = gnu11;
				GCC_NO_COMMON_BLOCKS = YES;
				GCC_WARN_64_TO_32_BIT_CONVERSION = YES;
				GCC_WARN_ABOUT_RETURN_TYPE = YES_ERROR;
				GCC_WARN_UNDECLARED_SELECTOR = YES;
				GCC_WARN_UNINITIALIZED_AUTOS = YES_AGGRESSIVE;
				GCC_WARN_UNUSED_FUNCTION = YES;
				GCC_WARN_UNUSED_VARIABLE = YES;
				IPHONEOS_DEPLOYMENT_TARGET = 16.2;
				MTL_ENABLE_DEBUG_INFO = NO;
				MTL_FAST_MATH = YES;
				SDKROOT = iphoneos;
				SWIFT_COMPILATION_MODE = wholemodule;
				SWIFT_OPTIMIZATION_LEVEL = "-O";
				VALIDATE_PRODUCT = YES;
			};
			name = Release;
		};
		96B991D92997490900F6FB25 /* Debug */ = {
			isa = XCBuildConfiguration;
			buildSettings = {
				ASSETCATALOG_COMPILER_APPICON_NAME = AppIcon;
				ASSETCATALOG_COMPILER_GLOBAL_ACCENT_COLOR_NAME = AccentColor;
				CODE_SIGN_STYLE = Automatic;
				CURRENT_PROJECT_VERSION = 1;
				DEVELOPMENT_ASSET_PATHS = "\"FoYou/Preview Content\"";
				DEVELOPMENT_TEAM = RZWUV85Y3A;
				ENABLE_PREVIEWS = YES;
				GENERATE_INFOPLIST_FILE = YES;
				INFOPLIST_FILE = FoYou/Info.plist;
				INFOPLIST_KEY_UIApplicationSceneManifest_Generation = YES;
				INFOPLIST_KEY_UIApplicationSupportsIndirectInputEvents = YES;
				INFOPLIST_KEY_UILaunchScreen_Generation = YES;
				INFOPLIST_KEY_UISupportedInterfaceOrientations_iPad = "UIInterfaceOrientationPortrait UIInterfaceOrientationPortraitUpsideDown UIInterfaceOrientationLandscapeLeft UIInterfaceOrientationLandscapeRight";
				INFOPLIST_KEY_UISupportedInterfaceOrientations_iPhone = "UIInterfaceOrientationPortrait UIInterfaceOrientationLandscapeLeft UIInterfaceOrientationLandscapeRight";
				LD_RUNPATH_SEARCH_PATHS = (
					"$(inherited)",
					"@executable_path/Frameworks",
				);
				MARKETING_VERSION = 1.0;
				PRODUCT_BUNDLE_IDENTIFIER = com.jasonkenneth.FoYou;
				PRODUCT_NAME = "$(TARGET_NAME)";
				SWIFT_EMIT_LOC_STRINGS = YES;
				SWIFT_VERSION = 5.0;
				TARGETED_DEVICE_FAMILY = "1,2";
			};
			name = Debug;
		};
		96B991DA2997490900F6FB25 /* Release */ = {
			isa = XCBuildConfiguration;
			buildSettings = {
				ASSETCATALOG_COMPILER_APPICON_NAME = AppIcon;
				ASSETCATALOG_COMPILER_GLOBAL_ACCENT_COLOR_NAME = AccentColor;
				CODE_SIGN_STYLE = Automatic;
				CURRENT_PROJECT_VERSION = 1;
				DEVELOPMENT_ASSET_PATHS = "\"FoYou/Preview Content\"";
				DEVELOPMENT_TEAM = RZWUV85Y3A;
				ENABLE_PREVIEWS = YES;
				GENERATE_INFOPLIST_FILE = YES;
				INFOPLIST_FILE = FoYou/Info.plist;
				INFOPLIST_KEY_UIApplicationSceneManifest_Generation = YES;
				INFOPLIST_KEY_UIApplicationSupportsIndirectInputEvents = YES;
				INFOPLIST_KEY_UILaunchScreen_Generation = YES;
				INFOPLIST_KEY_UISupportedInterfaceOrientations_iPad = "UIInterfaceOrientationPortrait UIInterfaceOrientationPortraitUpsideDown UIInterfaceOrientationLandscapeLeft UIInterfaceOrientationLandscapeRight";
				INFOPLIST_KEY_UISupportedInterfaceOrientations_iPhone = "UIInterfaceOrientationPortrait UIInterfaceOrientationLandscapeLeft UIInterfaceOrientationLandscapeRight";
				LD_RUNPATH_SEARCH_PATHS = (
					"$(inherited)",
					"@executable_path/Frameworks",
				);
				MARKETING_VERSION = 1.0;
				PRODUCT_BUNDLE_IDENTIFIER = com.jasonkenneth.FoYou;
				PRODUCT_NAME = "$(TARGET_NAME)";
				SWIFT_EMIT_LOC_STRINGS = YES;
				SWIFT_VERSION = 5.0;
				TARGETED_DEVICE_FAMILY = "1,2";
			};
			name = Release;
		};
/* End XCBuildConfiguration section */

/* Begin XCConfigurationList section */
		96B991C02997490900F6FB25 /* Build configuration list for PBXProject "FoYou" */ = {
			isa = XCConfigurationList;
			buildConfigurations = (
				96B991D62997490900F6FB25 /* Debug */,
				96B991D72997490900F6FB25 /* Release */,
			);
			defaultConfigurationIsVisible = 0;
			defaultConfigurationName = Release;
		};
		96B991D82997490900F6FB25 /* Build configuration list for PBXNativeTarget "FoYou" */ = {
			isa = XCConfigurationList;
			buildConfigurations = (
				96B991D92997490900F6FB25 /* Debug */,
				96B991DA2997490900F6FB25 /* Release */,
			);
			defaultConfigurationIsVisible = 0;
			defaultConfigurationName = Release;
		};
/* End XCConfigurationList section */

/* Begin XCVersionGroup section */
		96B991D32997490900F6FB25 /* FoYou.xcdatamodeld */ = {
			isa = XCVersionGroup;
			children = (
				96B991D42997490900F6FB25 /* FoYou.xcdatamodel */,
			);
			currentVersion = 96B991D42997490900F6FB25 /* FoYou.xcdatamodel */;
			path = FoYou.xcdatamodeld;
			sourceTree = "<group>";
			versionGroupType = wrapper.xcdatamodel;
		};
/* End XCVersionGroup section */
	};
	rootObject = 96B991BD2997490900F6FB25 /* Project object */;
}
